
Microsoft Visual Studio Solution File, Format Version 12.00
# Visual Studio Version 17
VisualStudioVersion = 17.14.36301.6 d17.14
MinimumVisualStudioVersion = 10.0.40219.1
Project("{888888A0-9F3D-457C-B088-3A5042F75D52}") = "char1", "char1\char1.pyproj", "{60F3CF59-7B98-4320-9063-6204CEF57A09}"
EndProject
Global
	GlobalSection(SolutionConfigurationPlatforms) = preSolution
		Debug|Any CPU = Debug|Any CPU
		Release|Any CPU = Release|Any CPU
	EndGlobalSection
	GlobalSection(ProjectConfigurationPlatforms) = postSolution
		{60F3CF59-7B98-4320-9063-6204CEF57A09}.Debug|Any CPU.ActiveCfg = Debug|Any CPU
		{60F3CF59-7B98-4320-9063-6204CEF57A09}.Release|Any CPU.ActiveCfg = Release|Any CPU
	EndGlobalSection
	GlobalSection(SolutionProperties) = preSolution
		HideSolutionNode = FALSE
	EndGlobalSection
	GlobalSection(ExtensibilityGlobals) = postSolution
		SolutionGuid = {0F3DBB7B-2F60-4CDE-9D16-6AD6F3833E19}
	EndGlobalSection
EndGlobal
